
Microsoft Visual Studio Solution File, Format Version 12.00
# Visual Studio Version 17
VisualStudioVersion = 17.8.34511.84
MinimumVisualStudioVersion = 10.0.40219.1
Project("{FAE04EC0-301F-11D3-BF4B-00C04F79EFBC}") = "SignalR.Api", "SignalR.Api\SignalR.Api.csproj", "{C0F3721F-88BB-439B-B682-1A232CA3F607}"
EndProject
Project("{FAE04EC0-301F-11D3-BF4B-00C04F79EFBC}") = "SignalR.Web", "SignalR.Web\SignalR.Web.csproj", "{018B4F7D-A4A8-4E87-B9A0-3B9FCB92FFFE}"
EndProject
Global
	GlobalSection(SolutionConfigurationPlatforms) = preSolution
		Debug|Any CPU = Debug|Any CPU
		Release|Any CPU = Release|Any CPU
	EndGlobalSection
	GlobalSection(ProjectConfigurationPlatforms) = postSolution
		{C0F3721F-88BB-439B-B682-1A232CA3F607}.Debug|Any CPU.ActiveCfg = Debug|Any CPU
		{C0F3721F-88BB-439B-B682-1A232CA3F607}.Debug|Any CPU.Build.0 = Debug|Any CPU
		{C0F3721F-88BB-439B-B682-1A232CA3F607}.Release|Any CPU.ActiveCfg = Release|Any CPU
		{C0F3721F-88BB-439B-B682-1A232CA3F607}.Release|Any CPU.Build.0 = Release|Any CPU
		{018B4F7D-A4A8-4E87-B9A0-3B9FCB92FFFE}.Debug|Any CPU.ActiveCfg = Debug|Any CPU
		{018B4F7D-A4A8-4E87-B9A0-3B9FCB92FFFE}.Debug|Any CPU.Build.0 = Debug|Any CPU
		{018B4F7D-A4A8-4E87-B9A0-3B9FCB92FFFE}.Release|Any CPU.ActiveCfg = Release|Any CPU
		{018B4F7D-A4A8-4E87-B9A0-3B9FCB92FFFE}.Release|Any CPU.Build.0 = Release|Any CPU
	EndGlobalSection
	GlobalSection(SolutionProperties) = preSolution
		HideSolutionNode = FALSE
	EndGlobalSection
	GlobalSection(ExtensibilityGlobals) = postSolution
		SolutionGuid = {83B6C1EE-1BAD-452D-8BC8-DCB6822CD07A}
	EndGlobalSection
EndGlobal
